// !$*UTF8*$!
{
	archiveVersion = 1;
	classes = {
	};
	objectVersion = 46;
	objects = {

/* Begin PBXBuildFile section */
		F3B1AA601A50F178004BC6FF /* AppDelegate.swift in Sources */ = {isa = PBXBuildFile; fileRef = F3B1AA5F1A50F178004BC6FF /* AppDelegate.swift */; };
		F3B1AA621A50F178004BC6FF /* ViewController.swift in Sources */ = {isa = PBXBuildFile; fileRef = F3B1AA611A50F178004BC6FF /* ViewController.swift */; };
		F3B1AA651A50F178004BC6FF /* Main.storyboard in Resources */ = {isa = PBXBuildFile; fileRef = F3B1AA631A50F178004BC6FF /* Main.storyboard */; };
		F3B1AA671A50F178004BC6FF /* Images.xcassets in Resources */ = {isa = PBXBuildFile; fileRef = F3B1AA661A50F178004BC6FF /* Images.xcassets */; };
		F3B1AA6A1A50F178004BC6FF /* LaunchScreen.xib in Resources */ = {isa = PBXBuildFile; fileRef = F3B1AA681A50F178004BC6FF /* LaunchScreen.xib */; };
		F3B1AA761A50F178004BC6FF /* testTableViewTests.swift in Sources */ = {isa = PBXBuildFile; fileRef = F3B1AA751A50F178004BC6FF /* testTableViewTests.swift */; };
		F3B1AA801A50F196004BC6FF /* ViewTableCell.swift in Sources */ = {isa = PBXBuildFile; fileRef = F3B1AA7F1A50F196004BC6FF /* ViewTableCell.swift */; };
/* End PBXBuildFile section */

/* Begin PBXContainerItemProxy section */
		F3B1AA701A50F178004BC6FF /* PBXContainerItemProxy */ = {
			isa = PBXContainerItemProxy;
			containerPortal = F3B1AA521A50F178004BC6FF /* Project object */;
			proxyType = 1;
			remoteGlobalIDString = F3B1AA591A50F178004BC6FF;
			remoteInfo = testTableView;
		};
/* End PBXContainerItemProxy section */

/* Begin PBXFileReference section */
		F3B1AA5A1A50F178004BC6FF /* testTableView.app */ = {isa = PBXFileReference; explicitFileType = wrapper.application; includeInIndex = 0; path = testTableView.app; sourceTree = BUILT_PRODUCTS_DIR; };
		F3B1AA5E1A50F178004BC6FF /* Info.plist */ = {isa = PBXFileReference; lastKnownFileType = text.plist.xml; path = Info.plist; sourceTree = "<group>"; };
		F3B1AA5F1A50F178004BC6FF /* AppDelegate.swift */ = {isa = PBXFileReference; lastKnownFileType = sourcecode.swift; path = AppDelegate.swift; sourceTree = "<group>"; };
		F3B1AA611A50F178004BC6FF /* ViewController.swift */ = {isa = PBXFileReference; lastKnownFileType = sourcecode.swift; path = ViewController.swift; sourceTree = "<group>"; };
		F3B1AA641A50F178004BC6FF /* Base */ = {isa = PBXFileReference; lastKnownFileType = file.storyboard; name = Base; path = Base.lproj/Main.storyboard; sourceTree = "<group>"; };
		F3B1AA661A50F178004BC6FF /* Images.xcassets */ = {isa = PBXFileReference; lastKnownFileType = folder.assetcatalog; path = Images.xcassets; sourceTree = "<group>"; };
		F3B1AA691A50F178004BC6FF /* Base */ = {isa = PBXFileReference; lastKnownFileType = file.xib; name = Base; path = Base.lproj/LaunchScreen.xib; sourceTree = "<group>"; };
		F3B1AA6F1A50F178004BC6FF /* testTableViewTests.xctest */ = {isa = PBXFileReference; explicitFileType = wrapper.cfbundle; includeInIndex = 0; path = testTableViewTests.xctest; sourceTree = BUILT_PRODUCTS_DIR; };
		F3B1AA741A50F178004BC6FF /* Info.plist */ = {isa = PBXFileReference; lastKnownFileType = text.plist.xml; path = Info.plist; sourceTree = "<group>"; };
		F3B1AA751A50F178004BC6FF /* testTableViewTests.swift */ = {isa = PBXFileReference; lastKnownFileType = sourcecode.swift; path = testTableViewTests.swift; sourceTree = "<group>"; };
		F3B1AA7F1A50F196004BC6FF /* ViewTableCell.swift */ = {isa = PBXFileReference; fileEncoding = 4; lastKnownFileType = sourcecode.swift; path = ViewTableCell.swift; sourceTree = "<group>"; };
/* End PBXFileReference section */

/* Begin PBXFrameworksBuildPhase section */
		F3B1AA571A50F178004BC6FF /* Frameworks */ = {
			isa = PBXFrameworksBuildPhase;
			buildActionMask = 2147483647;
			files = (
			);
			runOnlyForDeploymentPostprocessing = 0;
		};
		F3B1AA6C1A50F178004BC6FF /* Frameworks */ = {
			isa = PBXFrameworksBuildPhase;
			buildActionMask = 2147483647;
			files = (
			);
			runOnlyForDeploymentPostprocessing = 0;
		};
/* End PBXFrameworksBuildPhase section */

/* Begin PBXGroup section */
		F3B1AA511A50F178004BC6FF = {
			isa = PBXGroup;
			children = (
				F3B1AA5C1A50F178004BC6FF /* testTableView */,
				F3B1AA721A50F178004BC6FF /* testTableViewTests */,
				F3B1AA5B1A50F178004BC6FF /* Products */,
			);
			sourceTree = "<group>";
		};
		F3B1AA5B1A50F178004BC6FF /* Products */ = {
			isa = PBXGroup;
			children = (
				F3B1AA5A1A50F178004BC6FF /* testTableView.app */,
				F3B1AA6F1A50F178004BC6FF /* testTableViewTests.xctest */,
			);
			name = Products;
			sourceTree = "<group>";
		};
		F3B1AA5C1A50F178004BC6FF /* testTableView */ = {
			isa = PBXGroup;
			children = (
				F3B1AA5F1A50F178004BC6FF /* AppDelegate.swift */,
				F3B1AA611A50F178004BC6FF /* ViewController.swift */,
				F3B1AA631A50F178004BC6FF /* Main.storyboard */,
				F3B1AA661A50F178004BC6FF /* Images.xcassets */,
				F3B1AA681A50F178004BC6FF /* LaunchScreen.xib */,
				F3B1AA5D1A50F178004BC6FF /* Supporting Files */,
				F3B1AA7F1A50F196004BC6FF /* ViewTableCell.swift */,
			);
			path = testTableView;
			sourceTree = "<group>";
		};
		F3B1AA5D1A50F178004BC6FF /* Supporting Files */ = {
			isa = PBXGroup;
			children = (
				F3B1AA5E1A50F178004BC6FF /* Info.plist */,
			);
			name = "Supporting Files";
			sourceTree = "<group>";
		};
		F3B1AA721A50F178004BC6FF /* testTableViewTests */ = {
			isa = PBXGroup;
			children = (
				F3B1AA751A50F178004BC6FF /* testTableViewTests.swift */,
				F3B1AA731A50F178004BC6FF /* Supporting Files */,
			);
			path = testTableViewTests;
			sourceTree = "<group>";
		};
		F3B1AA731A50F178004BC6FF /* Supporting Files */ = {
			isa = PBXGroup;
			children = (
				F3B1AA741A50F178004BC6FF /* Info.plist */,
			);
			name = "Supporting Files";
			sourceTree = "<group>";
		};
/* End PBXGroup section */

/* Begin PBXNativeTarget section */
		F3B1AA591A50F178004BC6FF /* testTableView */ = {
			isa = PBXNativeTarget;
			buildConfigurationList = F3B1AA791A50F178004BC6FF /* Build configuration list for PBXNativeTarget "testTableView" */;
			buildPhases = (
				F3B1AA561A50F178004BC6FF /* Sources */,
				F3B1AA571A50F178004BC6FF /* Frameworks */,
				F3B1AA581A50F178004BC6FF /* Resources */,
			);
			buildRules = (
			);
			dependencies = (
			);
			name = testTableView;
			productName = testTableView;
			productReference = F3B1AA5A1A50F178004BC6FF /* testTableView.app */;
			productType = "com.apple.product-type.application";
		};
		F3B1AA6E1A50F178004BC6FF /* testTableViewTests */ = {
			isa = PBXNativeTarget;
			buildConfigurationList = F3B1AA7C1A50F178004BC6FF /* Build configuration list for PBXNativeTarget "testTableViewTests" */;
			buildPhases = (
				F3B1AA6B1A50F178004BC6FF /* Sources */,
				F3B1AA6C1A50F178004BC6FF /* Frameworks */,
				F3B1AA6D1A50F178004BC6FF /* Resources */,
			);
			buildRules = (
			);
			dependencies = (
				F3B1AA711A50F178004BC6FF /* PBXTargetDependency */,
			);
			name = testTableViewTests;
			productName = testTableViewTests;
			productReference = F3B1AA6F1A50F178004BC6FF /* testTableViewTests.xctest */;
			productType = "com.apple.product-type.bundle.unit-test";
		};
/* End PBXNativeTarget section */

/* Begin PBXProject section */
		F3B1AA521A50F178004BC6FF /* Project object */ = {
			isa = PBXProject;
			attributes = {
				LastUpgradeCheck = 0610;
				ORGANIZATIONNAME = dl;
				TargetAttributes = {
					F3B1AA591A50F178004BC6FF = {
						CreatedOnToolsVersion = 6.1.1;
					};
					F3B1AA6E1A50F178004BC6FF = {
						CreatedOnToolsVersion = 6.1.1;
						TestTargetID = F3B1AA591A50F178004BC6FF;
					};
				};
			};
			buildConfigurationList = F3B1AA551A50F178004BC6FF /* Build configuration list for PBXProject "testTableView" */;
			compatibilityVersion = "Xcode 3.2";
			developmentRegion = English;
			hasScannedForEncodings = 0;
			knownRegions = (
				en,
				Base,
			);
			mainGroup = F3B1AA511A50F178004BC6FF;
			productRefGroup = F3B1AA5B1A50F178004BC6FF /* Products */;
			projectDirPath = "";
			projectRoot = "";
			targets = (
				F3B1AA591A50F178004BC6FF /* testTableView */,
				F3B1AA6E1A50F178004BC6FF /* testTableViewTests */,
			);
		};
/* End PBXProject section */

/* Begin PBXResourcesBuildPhase section */
		F3B1AA581A50F178004BC6FF /* Resources */ = {
			isa = PBXResourcesBuildPhase;
			buildActionMask = 2147483647;
			files = (
				F3B1AA651A50F178004BC6FF /* Main.storyboard in Resources */,
				F3B1AA6A1A50F178004BC6FF /* LaunchScreen.xib in Resources */,
				F3B1AA671A50F178004BC6FF /* Images.xcassets in Resources */,
			);
			runOnlyForDeploymentPostprocessing = 0;
		};
		F3B1AA6D1A50F178004BC6FF /* Resources */ = {
			isa = PBXResourcesBuildPhase;
			buildActionMask = 2147483647;
			files = (
			);
			runOnlyForDeploymentPostprocessing = 0;
		};
/* End PBXResourcesBuildPhase section */

/* Begin PBXSourcesBuildPhase section */
		F3B1AA561A50F178004BC6FF /* Sources */ = {
			isa = PBXSourcesBuildPhase;
			buildActionMask = 2147483647;
			files = (
				F3B1AA801A50F196004BC6FF /* ViewTableCell.swift in Sources */,
				F3B1AA621A50F178004BC6FF /* ViewController.swift in Sources */,
				F3B1AA601A50F178004BC6FF /* AppDelegate.swift in Sources */,
			);
			runOnlyForDeploymentPostprocessing = 0;
		};
		F3B1AA6B1A50F178004BC6FF /* Sources */ = {
			isa = PBXSourcesBuildPhase;
			buildActionMask = 2147483647;
			files = (
				F3B1AA761A50F178004BC6FF /* testTableViewTests.swift in Sources */,
			);
			runOnlyForDeploymentPostprocessing = 0;
		};
/* End PBXSourcesBuildPhase section */

/* Begin PBXTargetDependency section */
		F3B1AA711A50F178004BC6FF /* PBXTargetDependency */ = {
			isa = PBXTargetDependency;
			target = F3B1AA591A50F178004BC6FF /* testTableView */;
			targetProxy = F3B1AA701A50F178004BC6FF /* PBXContainerItemProxy */;
		};
/* End PBXTargetDependency section */

/* Begin PBXVariantGroup section */
		F3B1AA631A50F178004BC6FF /* Main.storyboard */ = {
			isa = PBXVariantGroup;
			children = (
				F3B1AA641A50F178004BC6FF /* Base */,
			);
			name = Main.storyboard;
			sourceTree = "<group>";
		};
		F3B1AA681A50F178004BC6FF /* LaunchScreen.xib */ = {
			isa = PBXVariantGroup;
			children = (
				F3B1AA691A50F178004BC6FF /* Base */,
			);
			name = LaunchScreen.xib;
			sourceTree = "<group>";
		};
/* End PBXVariantGroup section */

/* Begin XCBuildConfiguration section */
		F3B1AA771A50F178004BC6FF /* Debug */ = {
			isa = XCBuildConfiguration;
			buildSettings = {
				ALWAYS_SEARCH_USER_PATHS = NO;
				CLANG_CXX_LANGUAGE_STANDARD = "gnu++0x";
				CLANG_CXX_LIBRARY = "libc++";
				CLANG_ENABLE_MODULES = YES;
				CLANG_ENABLE_OBJC_ARC = YES;
				CLANG_WARN_BOOL_CONVERSION = YES;
				CLANG_WARN_CONSTANT_CONVERSION = YES;
				CLANG_WARN_DIRECT_OBJC_ISA_USAGE = YES_ERROR;
				CLANG_WARN_EMPTY_BODY = YES;
				CLANG_WARN_ENUM_CONVERSION = YES;
				CLANG_WARN_INT_CONVERSION = YES;
				CLANG_WARN_OBJC_ROOT_CLASS = YES_ERROR;
				CLANG_WARN_UNREACHABLE_CODE = YES;
				CLANG_WARN__DUPLICATE_METHOD_MATCH = YES;
				"CODE_SIGN_IDENTITY[sdk=iphoneos*]" = "iPhone Developer";
				COPY_PHASE_STRIP = NO;
				ENABLE_STRICT_OBJC_MSGSEND = YES;
				GCC_C_LANGUAGE_STANDARD = gnu99;
				GCC_DYNAMIC_NO_PIC = NO;
				GCC_OPTIMIZATION_LEVEL = 0;
				GCC_PREPROCESSOR_DEFINITIONS = (
					"DEBUG=1",
					"$(inherited)",
				);
				GCC_SYMBOLS_PRIVATE_EXTERN = NO;
				GCC_WARN_64_TO_32_BIT_CONVERSION = YES;
				GCC_WARN_ABOUT_RETURN_TYPE = YES_ERROR;
				GCC_WARN_UNDECLARED_SELECTOR = YES;
				GCC_WARN_UNINITIALIZED_AUTOS = YES_AGGRESSIVE;
				GCC_WARN_UNUSED_FUNCTION = YES;
				GCC_WARN_UNUSED_VARIABLE = YES;
				IPHONEOS_DEPLOYMENT_TARGET = 8.1;
				MTL_ENABLE_DEBUG_INFO = YES;
				ONLY_ACTIVE_ARCH = YES;
				SDKROOT = iphoneos;
				SWIFT_OPTIMIZATION_LEVEL = "-Onone";
			};
			name = Debug;
		};
		F3B1AA781A50F178004BC6FF /* Release */ = {
			isa = XCBuildConfiguration;
			buildSettings = {
				ALWAYS_SEARCH_USER_PATHS = NO;
				CLANG_CXX_LANGUAGE_STANDARD = "gnu++0x";
				CLANG_CXX_LIBRARY = "libc++";
				CLANG_ENABLE_MODULES = YES;
				CLANG_ENABLE_OBJC_ARC = YES;
				CLANG_WARN_BOOL_CONVERSION = YES;
				CLANG_WARN_CONSTANT_CONVERSION = YES;
				CLANG_WARN_DIRECT_OBJC_ISA_USAGE = YES_ERROR;
				CLANG_WARN_EMPTY_BODY = YES;
				CLANG_WARN_ENUM_CONVERSION = YES;
				CLANG_WARN_INT_CONVERSION = YES;
				CLANG_WARN_OBJC_ROOT_CLASS = YES_ERROR;
				CLANG_WARN_UNREACHABLE_CODE = YES;
				CLANG_WARN__DUPLICATE_METHOD_MATCH = YES;
				"CODE_SIGN_IDENTITY[sdk=iphoneos*]" = "iPhone Developer";
				COPY_PHASE_STRIP = YES;
				ENABLE_NS_ASSERTIONS = NO;
				ENABLE_STRICT_OBJC_MSGSEND = YES;
				GCC_C_LANGUAGE_STANDARD = gnu99;
				GCC_WARN_64_TO_32_BIT_CONVERSION = YES;
				GCC_WARN_ABOUT_RETURN_TYPE = YES_ERROR;
				GCC_WARN_UNDECLARED_SELECTOR = YES;
				GCC_WARN_UNINITIALIZED_AUTOS = YES_AGGRESSIVE;
				GCC_WARN_UNUSED_FUNCTION = YES;
				GCC_WARN_UNUSED_VARIABLE = YES;
				IPHONEOS_DEPLOYMENT_TARGET = 8.1;
				MTL_ENABLE_DEBUG_INFO = NO;
				SDKROOT = iphoneos;
				VALIDATE_PRODUCT = YES;
			};
			name = Release;
		};
		F3B1AA7A1A50F178004BC6FF /* Debug */ = {
			isa = XCBuildConfiguration;
			buildSettings = {
				ASSETCATALOG_COMPILER_APPICON_NAME = AppIcon;
				INFOPLIST_FILE = testTableView/Info.plist;
				LD_RUNPATH_SEARCH_PATHS = "$(inherited) @executable_path/Frameworks";
				PRODUCT_NAME = "$(TARGET_NAME)";
			};
			name = Debug;
		};
		F3B1AA7B1A50F178004BC6FF /* Release */ = {
			isa = XCBuildConfiguration;
			buildSettings = {
				ASSETCATALOG_COMPILER_APPICON_NAME = AppIcon;
				INFOPLIST_FILE = testTableView/Info.plist;
				LD_RUNPATH_SEARCH_PATHS = "$(inherited) @executable_path/Frameworks";
				PRODUCT_NAME = "$(TARGET_NAME)";
			};
			name = Release;
		};
		F3B1AA7D1A50F178004BC6FF /* Debug */ = {
			isa = XCBuildConfiguration;
			buildSettings = {
				BUNDLE_LOADER = "$(TEST_HOST)";
				FRAMEWORK_SEARCH_PATHS = (
					"$(SDKROOT)/Developer/Library/Frameworks",
					"$(inherited)",
				);
				GCC_PREPROCESSOR_DEFINITIONS = (
					"DEBUG=1",
					"$(inherited)",
				);
				INFOPLIST_FILE = testTableViewTests/Info.plist;
				LD_RUNPATH_SEARCH_PATHS = "$(inherited) @executable_path/Frameworks @loader_path/Frameworks";
				PRODUCT_NAME = "$(TARGET_NAME)";
				TEST_HOST = "$(BUILT_PRODUCTS_DIR)/testTableView.app/testTableView";
			};
			name = Debug;
		};
		F3B1AA7E1A50F178004BC6FF /* Release */ = {
			isa = XCBuildConfiguration;
			buildSettings = {
				BUNDLE_LOADER = "$(TEST_HOST)";
				FRAMEWORK_SEARCH_PATHS = (
					"$(SDKROOT)/Developer/Library/Frameworks",
					"$(inherited)",
				);
				INFOPLIST_FILE = testTableViewTests/Info.plist;
				LD_RUNPATH_SEARCH_PATHS = "$(inherited) @executable_path/Frameworks @loader_path/Frameworks";
				PRODUCT_NAME = "$(TARGET_NAME)";
				TEST_HOST = "$(BUILT_PRODUCTS_DIR)/testTableView.app/testTableView";
			};
			name = Release;
		};
/* End XCBuildConfiguration section */

/* Begin XCConfigurationList section */
		F3B1AA551A50F178004BC6FF /* Build configuration list for PBXProject "testTableView" */ = {
			isa = XCConfigurationList;
			buildConfigurations = (
				F3B1AA771A50F178004BC6FF /* Debug */,
				F3B1AA781A50F178004BC6FF /* Release */,
			);
			defaultConfigurationIsVisible = 0;
			defaultConfigurationName = Release;
		};
		F3B1AA791A50F178004BC6FF /* Build configuration list for PBXNativeTarget "testTableView" */ = {
			isa = XCConfigurationList;
			buildConfigurations = (
				F3B1AA7A1A50F178004BC6FF /* Debug */,
				F3B1AA7B1A50F178004BC6FF /* Release */,
			);
			defaultConfigurationIsVisible = 0;
		};
		F3B1AA7C1A50F178004BC6FF /* Build configuration list for PBXNativeTarget "testTableViewTests" */ = {
			isa = XCConfigurationList;
			buildConfigurations = (
				F3B1AA7D1A50F178004BC6FF /* Debug */,
				F3B1AA7E1A50F178004BC6FF /* Release */,
			);
			defaultConfigurationIsVisible = 0;
		};
/* End XCConfigurationList section */
	};
	rootObject = F3B1AA521A50F178004BC6FF /* Project object */;
}
